
Microsoft Visual Studio Solution File, Format Version 12.00
# Visual Studio Version 16
VisualStudioVersion = 16.0.29306.81
MinimumVisualStudioVersion = 10.0.40219.1
Project("{FAE04EC0-301F-11D3-BF4B-00C04F79EFBC}") = "WpfMailSender", "WpfMailSender\WpfMailSender.csproj", "{4DDCAAA6-0FC0-42FC-B79A-67749BEA5134}"
EndProject
Global
	GlobalSection(SolutionConfigurationPlatforms) = preSolution
		Debug|Any CPU = Debug|Any CPU
		Release|Any CPU = Release|Any CPU
	EndGlobalSection
	GlobalSection(ProjectConfigurationPlatforms) = postSolution
		{4DDCAAA6-0FC0-42FC-B79A-67749BEA5134}.Debug|Any CPU.ActiveCfg = Debug|Any CPU
		{4DDCAAA6-0FC0-42FC-B79A-67749BEA5134}.Debug|Any CPU.Build.0 = Debug|Any CPU
		{4DDCAAA6-0FC0-42FC-B79A-67749BEA5134}.Release|Any CPU.ActiveCfg = Release|Any CPU
		{4DDCAAA6-0FC0-42FC-B79A-67749BEA5134}.Release|Any CPU.Build.0 = Release|Any CPU
	EndGlobalSection
	GlobalSection(SolutionProperties) = preSolution
		HideSolutionNode = FALSE
	EndGlobalSection
	GlobalSection(ExtensibilityGlobals) = postSolution
		SolutionGuid = {A2E2DD1B-35B3-47E4-9ABD-84B77ABA0B84}
	EndGlobalSection
EndGlobal
